
Microsoft Visual Studio Solution File, Format Version 12.00
# Visual Studio Version 17
VisualStudioVersion = 17.14.36109.1
MinimumVisualStudioVersion = 10.0.40219.1
Project("{FAE04EC0-301F-11D3-BF4B-00C04F79EFBC}") = "Backend", "Backend\Backend.csproj", "{12AFECF5-74CB-4050-8B0D-472176CAC3EE}"
EndProject
Project("{FAE04EC0-301F-11D3-BF4B-00C04F79EFBC}") = "Class", "Class\Class.csproj", "{C67BA215-257B-4DD6-8B3B-F31AED9CAAA0}"
EndProject
Global
	GlobalSection(SolutionConfigurationPlatforms) = preSolution
		Debug|Any CPU = Debug|Any CPU
		Release|Any CPU = Release|Any CPU
	EndGlobalSection
	GlobalSection(ProjectConfigurationPlatforms) = postSolution
		{12AFECF5-74CB-4050-8B0D-472176CAC3EE}.Debug|Any CPU.ActiveCfg = Debug|Any CPU
		{12AFECF5-74CB-4050-8B0D-472176CAC3EE}.Debug|Any CPU.Build.0 = Debug|Any CPU
		{12AFECF5-74CB-4050-8B0D-472176CAC3EE}.Release|Any CPU.ActiveCfg = Release|Any CPU
		{12AFECF5-74CB-4050-8B0D-472176CAC3EE}.Release|Any CPU.Build.0 = Release|Any CPU
		{C67BA215-257B-4DD6-8B3B-F31AED9CAAA0}.Debug|Any CPU.ActiveCfg = Debug|Any CPU
		{C67BA215-257B-4DD6-8B3B-F31AED9CAAA0}.Debug|Any CPU.Build.0 = Debug|Any CPU
		{C67BA215-257B-4DD6-8B3B-F31AED9CAAA0}.Release|Any CPU.ActiveCfg = Release|Any CPU
		{C67BA215-257B-4DD6-8B3B-F31AED9CAAA0}.Release|Any CPU.Build.0 = Release|Any CPU
	EndGlobalSection
	GlobalSection(SolutionProperties) = preSolution
		HideSolutionNode = FALSE
	EndGlobalSection
	GlobalSection(ExtensibilityGlobals) = postSolution
		SolutionGuid = {5D7D65B0-B1DF-44CD-B034-ED38FBB27816}
	EndGlobalSection
EndGlobal
